
Microsoft Visual Studio Solution File, Format Version 12.00
# Visual Studio Version 17
VisualStudioVersion = 17.3.32825.248
MinimumVisualStudioVersion = 10.0.40219.1
Project("{8BC9CEB8-8B4A-11D0-8D11-00A0C91BC942}") = "Sandbox", "Sandbox\Sandbox.vcxproj", "{DADBD7B2-A15B-47C8-A589-BF83878DCC62}"
EndProject
Project("{8BC9CEB8-8B4A-11D0-8D11-00A0C91BC942}") = "GameEngine", "GameEngine\GameEngine.vcxproj", "{B06AEC77-7778-4576-885D-FA5F650C7AD3}"
EndProject
Global
	GlobalSection(SolutionConfigurationPlatforms) = preSolution
		Debug|x64 = Debug|x64
		Release|x64 = Release|x64
	EndGlobalSection
	GlobalSection(ProjectConfigurationPlatforms) = postSolution
		{B06AEC77-7778-4576-885D-FA5F650C7AD3}.Debug|x64.ActiveCfg = Debug|x64
		{B06AEC77-7778-4576-885D-FA5F650C7AD3}.Debug|x64.Build.0 = Debug|x64
		{B06AEC77-7778-4576-885D-FA5F650C7AD3}.Release|x64.ActiveCfg = Release|x64
		{B06AEC77-7778-4576-885D-FA5F650C7AD3}.Release|x64.Build.0 = Release|x64
		{DADBD7B2-A15B-47C8-A589-BF83878DCC62}.Debug|x64.ActiveCfg = Debug|x64
		{DADBD7B2-A15B-47C8-A589-BF83878DCC62}.Debug|x64.Build.0 = Debug|x64
		{DADBD7B2-A15B-47C8-A589-BF83878DCC62}.Release|x64.ActiveCfg = Release|x64
		{DADBD7B2-A15B-47C8-A589-BF83878DCC62}.Release|x64.Build.0 = Release|x64
	EndGlobalSection
	GlobalSection(SolutionProperties) = preSolution
		HideSolutionNode = FALSE
	EndGlobalSection
	GlobalSection(ExtensibilityGlobals) = postSolution
		SolutionGuid = {55077876-90FC-4381-9B8A-8E0933A2FD22}
	EndGlobalSection
EndGlobal
